// !$*UTF8*$!
{
	archiveVersion = 1;
	classes = {
	};
	objectVersion = 46;
	objects = {

/* Begin PBXBuildFile section */
		2E0B98B821E383C86A50F16A /* Pods_Piano.framework in Frameworks */ = {isa = PBXBuildFile; fileRef = 8186F0CA1376C90C4CD30E77 /* Pods_Piano.framework */; };
		932001D61F133D5500004228 /* A#1.mp3 in Resources */ = {isa = PBXBuildFile; fileRef = 932001461F133D5400004228 /* A#1.mp3 */; };
		932001D71F133D5500004228 /* A#1s.mp3 in Resources */ = {isa = PBXBuildFile; fileRef = 932001471F133D5400004228 /* A#1s.mp3 */; };
		932001D81F133D5500004228 /* A#2.mp3 in Resources */ = {isa = PBXBuildFile; fileRef = 932001481F133D5400004228 /* A#2.mp3 */; };
		932001D91F133D5500004228 /* A#2s.mp3 in Resources */ = {isa = PBXBuildFile; fileRef = 932001491F133D5400004228 /* A#2s.mp3 */; };
		932001DA1F133D5500004228 /* A#3.mp3 in Resources */ = {isa = PBXBuildFile; fileRef = 9320014A1F133D5400004228 /* A#3.mp3 */; };
		932001DB1F133D5500004228 /* A#3s.mp3 in Resources */ = {isa = PBXBuildFile; fileRef = 9320014B1F133D5400004228 /* A#3s.mp3 */; };
		932001DC1F133D5500004228 /* A#4.mp3 in Resources */ = {isa = PBXBuildFile; fileRef = 9320014C1F133D5400004228 /* A#4.mp3 */; };
		932001DD1F133D5500004228 /* A#4s.mp3 in Resources */ = {isa = PBXBuildFile; fileRef = 9320014D1F133D5400004228 /* A#4s.mp3 */; };
		932001DE1F133D5500004228 /* A#5.mp3 in Resources */ = {isa = PBXBuildFile; fileRef = 9320014E1F133D5400004228 /* A#5.mp3 */; };
		932001DF1F133D5500004228 /* A#5s.mp3 in Resources */ = {isa = PBXBuildFile; fileRef = 9320014F1F133D5400004228 /* A#5s.mp3 */; };
		932001E01F133D5500004228 /* A#6.mp3 in Resources */ = {isa = PBXBuildFile; fileRef = 932001501F133D5400004228 /* A#6.mp3 */; };
		932001E11F133D5500004228 /* A#6s.mp3 in Resources */ = {isa = PBXBuildFile; fileRef = 932001511F133D5400004228 /* A#6s.mp3 */; };
		932001E21F133D5500004228 /* A1.mp3 in Resources */ = {isa = PBXBuildFile; fileRef = 932001521F133D5400004228 /* A1.mp3 */; };
		932001E31F133D5500004228 /* A1s.mp3 in Resources */ = {isa = PBXBuildFile; fileRef = 932001531F133D5400004228 /* A1s.mp3 */; };
		932001E41F133D5500004228 /* A2.mp3 in Resources */ = {isa = PBXBuildFile; fileRef = 932001541F133D5400004228 /* A2.mp3 */; };
		932001E51F133D5500004228 /* A2s.mp3 in Resources */ = {isa = PBXBuildFile; fileRef = 932001551F133D5400004228 /* A2s.mp3 */; };
		932001E61F133D5500004228 /* A3.mp3 in Resources */ = {isa = PBXBuildFile; fileRef = 932001561F133D5400004228 /* A3.mp3 */; };
		932001E71F133D5500004228 /* A3s.mp3 in Resources */ = {isa = PBXBuildFile; fileRef = 932001571F133D5400004228 /* A3s.mp3 */; };
		932001E81F133D5500004228 /* A4.mp3 in Resources */ = {isa = PBXBuildFile; fileRef = 932001581F133D5400004228 /* A4.mp3 */; };
		932001E91F133D5500004228 /* A4s.mp3 in Resources */ = {isa = PBXBuildFile; fileRef = 932001591F133D5400004228 /* A4s.mp3 */; };
		932001EA1F133D5500004228 /* A5.mp3 in Resources */ = {isa = PBXBuildFile; fileRef = 9320015A1F133D5400004228 /* A5.mp3 */; };
		932001EB1F133D5500004228 /* A5s.mp3 in Resources */ = {isa = PBXBuildFile; fileRef = 9320015B1F133D5400004228 /* A5s.mp3 */; };
		932001EC1F133D5500004228 /* A6.mp3 in Resources */ = {isa = PBXBuildFile; fileRef = 9320015C1F133D5400004228 /* A6.mp3 */; };
		932001ED1F133D5500004228 /* A6s.mp3 in Resources */ = {isa = PBXBuildFile; fileRef = 9320015D1F133D5400004228 /* A6s.mp3 */; };
		932001EE1F133D5500004228 /* B1.mp3 in Resources */ = {isa = PBXBuildFile; fileRef = 9320015E1F133D5400004228 /* B1.mp3 */; };
		932001EF1F133D5500004228 /* B1s.mp3 in Resources */ = {isa = PBXBuildFile; fileRef = 9320015F1F133D5400004228 /* B1s.mp3 */; };
		932001F01F133D5500004228 /* B2.mp3 in Resources */ = {isa = PBXBuildFile; fileRef = 932001601F133D5400004228 /* B2.mp3 */; };
		932001F11F133D5500004228 /* B2s.mp3 in Resources */ = {isa = PBXBuildFile; fileRef = 932001611F133D5400004228 /* B2s.mp3 */; };
		932001F21F133D5500004228 /* B3.mp3 in Resources */ = {isa = PBXBuildFile; fileRef = 932001621F133D5400004228 /* B3.mp3 */; };
		932001F31F133D5500004228 /* B3s.mp3 in Resources */ = {isa = PBXBuildFile; fileRef = 932001631F133D5400004228 /* B3s.mp3 */; };
		932001F41F133D5500004228 /* B4.mp3 in Resources */ = {isa = PBXBuildFile; fileRef = 932001641F133D5400004228 /* B4.mp3 */; };
		932001F51F133D5500004228 /* B4s.mp3 in Resources */ = {isa = PBXBuildFile; fileRef = 932001651F133D5400004228 /* B4s.mp3 */; };
		932001F61F133D5500004228 /* B5.mp3 in Resources */ = {isa = PBXBuildFile; fileRef = 932001661F133D5400004228 /* B5.mp3 */; };
		932001F71F133D5500004228 /* B5s.mp3 in Resources */ = {isa = PBXBuildFile; fileRef = 932001671F133D5400004228 /* B5s.mp3 */; };
		932001F81F133D5500004228 /* B6.mp3 in Resources */ = {isa = PBXBuildFile; fileRef = 932001681F133D5400004228 /* B6.mp3 */; };
		932001F91F133D5500004228 /* B6s.mp3 in Resources */ = {isa = PBXBuildFile; fileRef = 932001691F133D5400004228 /* B6s.mp3 */; };
		932001FA1F133D5500004228 /* C#1.mp3 in Resources */ = {isa = PBXBuildFile; fileRef = 9320016A1F133D5400004228 /* C#1.mp3 */; };
		932001FB1F133D5500004228 /* C#1s.mp3 in Resources */ = {isa = PBXBuildFile; fileRef = 9320016B1F133D5400004228 /* C#1s.mp3 */; };
		932001FC1F133D5500004228 /* C#2.mp3 in Resources */ = {isa = PBXBuildFile; fileRef = 9320016C1F133D5400004228 /* C#2.mp3 */; };
		932001FD1F133D5500004228 /* C#2s.mp3 in Resources */ = {isa = PBXBuildFile; fileRef = 9320016D1F133D5400004228 /* C#2s.mp3 */; };
		932001FE1F133D5500004228 /* C#3.mp3 in Resources */ = {isa = PBXBuildFile; fileRef = 9320016E1F133D5400004228 /* C#3.mp3 */; };
		932001FF1F133D5500004228 /* C#3s.mp3 in Resources */ = {isa = PBXBuildFile; fileRef = 9320016F1F133D5400004228 /* C#3s.mp3 */; };
		932002001F133D5500004228 /* C#4.mp3 in Resources */ = {isa = PBXBuildFile; fileRef = 932001701F133D5400004228 /* C#4.mp3 */; };
		932002011F133D5500004228 /* C#4s.mp3 in Resources */ = {isa = PBXBuildFile; fileRef = 932001711F133D5400004228 /* C#4s.mp3 */; };
		932002021F133D5500004228 /* C#5.mp3 in Resources */ = {isa = PBXBuildFile; fileRef = 932001721F133D5400004228 /* C#5.mp3 */; };
		932002031F133D5500004228 /* C#5s.mp3 in Resources */ = {isa = PBXBuildFile; fileRef = 932001731F133D5400004228 /* C#5s.mp3 */; };
		932002041F133D5500004228 /* C#6.mp3 in Resources */ = {isa = PBXBuildFile; fileRef = 932001741F133D5400004228 /* C#6.mp3 */; };
		932002051F133D5500004228 /* C#6s.mp3 in Resources */ = {isa = PBXBuildFile; fileRef = 932001751F133D5400004228 /* C#6s.mp3 */; };
		932002061F133D5500004228 /* C1.mp3 in Resources */ = {isa = PBXBuildFile; fileRef = 932001761F133D5400004228 /* C1.mp3 */; };
		932002071F133D5500004228 /* C1s.mp3 in Resources */ = {isa = PBXBuildFile; fileRef = 932001771F133D5400004228 /* C1s.mp3 */; };
		932002081F133D5500004228 /* C2.mp3 in Resources */ = {isa = PBXBuildFile; fileRef = 932001781F133D5400004228 /* C2.mp3 */; };
		932002091F133D5500004228 /* C2s.mp3 in Resources */ = {isa = PBXBuildFile; fileRef = 932001791F133D5400004228 /* C2s.mp3 */; };
		9320020A1F133D5500004228 /* C3.mp3 in Resources */ = {isa = PBXBuildFile; fileRef = 9320017A1F133D5400004228 /* C3.mp3 */; };
		9320020B1F133D5500004228 /* C3s.mp3 in Resources */ = {isa = PBXBuildFile; fileRef = 9320017B1F133D5400004228 /* C3s.mp3 */; };
		9320020C1F133D5500004228 /* C4.mp3 in Resources */ = {isa = PBXBuildFile; fileRef = 9320017C1F133D5400004228 /* C4.mp3 */; };
		9320020D1F133D5500004228 /* C4s.mp3 in Resources */ = {isa = PBXBuildFile; fileRef = 9320017D1F133D5400004228 /* C4s.mp3 */; };
		9320020E1F133D5500004228 /* C5.mp3 in Resources */ = {isa = PBXBuildFile; fileRef = 9320017E1F133D5400004228 /* C5.mp3 */; };
		9320020F1F133D5500004228 /* C5s.mp3 in Resources */ = {isa = PBXBuildFile; fileRef = 9320017F1F133D5400004228 /* C5s.mp3 */; };
		932002101F133D5500004228 /* C6.mp3 in Resources */ = {isa = PBXBuildFile; fileRef = 932001801F133D5400004228 /* C6.mp3 */; };
		932002111F133D5500004228 /* C6s.mp3 in Resources */ = {isa = PBXBuildFile; fileRef = 932001811F133D5400004228 /* C6s.mp3 */; };
		932002121F133D5500004228 /* D#1.mp3 in Resources */ = {isa = PBXBuildFile; fileRef = 932001821F133D5400004228 /* D#1.mp3 */; };
		932002131F133D5500004228 /* D#1s.mp3 in Resources */ = {isa = PBXBuildFile; fileRef = 932001831F133D5400004228 /* D#1s.mp3 */; };
		932002141F133D5500004228 /* D#2.mp3 in Resources */ = {isa = PBXBuildFile; fileRef = 932001841F133D5400004228 /* D#2.mp3 */; };
		932002151F133D5500004228 /* D#2s.mp3 in Resources */ = {isa = PBXBuildFile; fileRef = 932001851F133D5400004228 /* D#2s.mp3 */; };
		932002161F133D5500004228 /* D#3.mp3 in Resources */ = {isa = PBXBuildFile; fileRef = 932001861F133D5400004228 /* D#3.mp3 */; };
		932002171F133D5500004228 /* D#3s.mp3 in Resources */ = {isa = PBXBuildFile; fileRef = 932001871F133D5400004228 /* D#3s.mp3 */; };
		932002181F133D5500004228 /* D#4.mp3 in Resources */ = {isa = PBXBuildFile; fileRef = 932001881F133D5400004228 /* D#4.mp3 */; };
		932002191F133D5500004228 /* D#4s.mp3 in Resources */ = {isa = PBXBuildFile; fileRef = 932001891F133D5400004228 /* D#4s.mp3 */; };
		9320021A1F133D5500004228 /* D#5.mp3 in Resources */ = {isa = PBXBuildFile; fileRef = 9320018A1F133D5400004228 /* D#5.mp3 */; };
		9320021B1F133D5500004228 /* D#5s.mp3 in Resources */ = {isa = PBXBuildFile; fileRef = 9320018B1F133D5400004228 /* D#5s.mp3 */; };
		9320021C1F133D5500004228 /* D#6.mp3 in Resources */ = {isa = PBXBuildFile; fileRef = 9320018C1F133D5400004228 /* D#6.mp3 */; };
		9320021D1F133D5500004228 /* D#6s.mp3 in Resources */ = {isa = PBXBuildFile; fileRef = 9320018D1F133D5400004228 /* D#6s.mp3 */; };
		9320021E1F133D5500004228 /* D1.mp3 in Resources */ = {isa = PBXBuildFile; fileRef = 9320018E1F133D5400004228 /* D1.mp3 */; };
		9320021F1F133D5500004228 /* D1s.mp3 in Resources */ = {isa = PBXBuildFile; fileRef = 9320018F1F133D5400004228 /* D1s.mp3 */; };
		932002201F133D5500004228 /* D2.mp3 in Resources */ = {isa = PBXBuildFile; fileRef = 932001901F133D5400004228 /* D2.mp3 */; };
		932002211F133D5500004228 /* D2s.mp3 in Resources */ = {isa = PBXBuildFile; fileRef = 932001911F133D5400004228 /* D2s.mp3 */; };
		932002221F133D5500004228 /* D3.mp3 in Resources */ = {isa = PBXBuildFile; fileRef = 932001921F133D5400004228 /* D3.mp3 */; };
		932002231F133D5500004228 /* D3s.mp3 in Resources */ = {isa = PBXBuildFile; fileRef = 932001931F133D5400004228 /* D3s.mp3 */; };
		932002241F133D5500004228 /* D4.mp3 in Resources */ = {isa = PBXBuildFile; fileRef = 932001941F133D5400004228 /* D4.mp3 */; };
		932002251F133D5500004228 /* D4s.mp3 in Resources */ = {isa = PBXBuildFile; fileRef = 932001951F133D5500004228 /* D4s.mp3 */; };
		932002261F133D5500004228 /* D5.mp3 in Resources */ = {isa = PBXBuildFile; fileRef = 932001961F133D5500004228 /* D5.mp3 */; };
		932002271F133D5500004228 /* D5s.mp3 in Resources */ = {isa = PBXBuildFile; fileRef = 932001971F133D5500004228 /* D5s.mp3 */; };
		932002281F133D5500004228 /* D6.mp3 in Resources */ = {isa = PBXBuildFile; fileRef = 932001981F133D5500004228 /* D6.mp3 */; };
		932002291F133D5500004228 /* D6s.mp3 in Resources */ = {isa = PBXBuildFile; fileRef = 932001991F133D5500004228 /* D6s.mp3 */; };
		9320022A1F133D5500004228 /* E1.mp3 in Resources */ = {isa = PBXBuildFile; fileRef = 9320019A1F133D5500004228 /* E1.mp3 */; };
		9320022B1F133D5500004228 /* E1s.mp3 in Resources */ = {isa = PBXBuildFile; fileRef = 9320019B1F133D5500004228 /* E1s.mp3 */; };
		9320022C1F133D5500004228 /* E2.mp3 in Resources */ = {isa = PBXBuildFile; fileRef = 9320019C1F133D5500004228 /* E2.mp3 */; };
		9320022D1F133D5500004228 /* E2s.mp3 in Resources */ = {isa = PBXBuildFile; fileRef = 9320019D1F133D5500004228 /* E2s.mp3 */; };
		9320022E1F133D5500004228 /* E3.mp3 in Resources */ = {isa = PBXBuildFile; fileRef = 9320019E1F133D5500004228 /* E3.mp3 */; };
		9320022F1F133D5500004228 /* E3s.mp3 in Resources */ = {isa = PBXBuildFile; fileRef = 9320019F1F133D5500004228 /* E3s.mp3 */; };
		932002301F133D5500004228 /* E4.mp3 in Resources */ = {isa = PBXBuildFile; fileRef = 932001A01F133D5500004228 /* E4.mp3 */; };
		932002311F133D5500004228 /* E4s.mp3 in Resources */ = {isa = PBXBuildFile; fileRef = 932001A11F133D5500004228 /* E4s.mp3 */; };
		932002321F133D5500004228 /* E5.mp3 in Resources */ = {isa = PBXBuildFile; fileRef = 932001A21F133D5500004228 /* E5.mp3 */; };
		932002331F133D5500004228 /* E5s.mp3 in Resources */ = {isa = PBXBuildFile; fileRef = 932001A31F133D5500004228 /* E5s.mp3 */; };
		932002341F133D5500004228 /* E6.mp3 in Resources */ = {isa = PBXBuildFile; fileRef = 932001A41F133D5500004228 /* E6.mp3 */; };
		932002351F133D5500004228 /* E6s.mp3 in Resources */ = {isa = PBXBuildFile; fileRef = 932001A51F133D5500004228 /* E6s.mp3 */; };
		932002361F133D5500004228 /* F#1.mp3 in Resources */ = {isa = PBXBuildFile; fileRef = 932001A61F133D5500004228 /* F#1.mp3 */; };
		932002371F133D5500004228 /* F#1s.mp3 in Resources */ = {isa = PBXBuildFile; fileRef = 932001A71F133D5500004228 /* F#1s.mp3 */; };
		932002381F133D5500004228 /* F#2.mp3 in Resources */ = {isa = PBXBuildFile; fileRef = 932001A81F133D5500004228 /* F#2.mp3 */; };
		932002391F133D5500004228 /* F#2s.mp3 in Resources */ = {isa = PBXBuildFile; fileRef = 932001A91F133D5500004228 /* F#2s.mp3 */; };
		9320023A1F133D5500004228 /* F#3.mp3 in Resources */ = {isa = PBXBuildFile; fileRef = 932001AA1F133D5500004228 /* F#3.mp3 */; };
		9320023B1F133D5500004228 /* F#3s.mp3 in Resources */ = {isa = PBXBuildFile; fileRef = 932001AB1F133D5500004228 /* F#3s.mp3 */; };
		9320023C1F133D5500004228 /* F#4.mp3 in Resources */ = {isa = PBXBuildFile; fileRef = 932001AC1F133D5500004228 /* F#4.mp3 */; };
		9320023D1F133D5500004228 /* F#4s.mp3 in Resources */ = {isa = PBXBuildFile; fileRef = 932001AD1F133D5500004228 /* F#4s.mp3 */; };
		9320023E1F133D5500004228 /* F#5.mp3 in Resources */ = {isa = PBXBuildFile; fileRef = 932001AE1F133D5500004228 /* F#5.mp3 */; };
		9320023F1F133D5500004228 /* F#5s.mp3 in Resources */ = {isa = PBXBuildFile; fileRef = 932001AF1F133D5500004228 /* F#5s.mp3 */; };
		932002401F133D5500004228 /* F#6.mp3 in Resources */ = {isa = PBXBuildFile; fileRef = 932001B01F133D5500004228 /* F#6.mp3 */; };
		932002411F133D5500004228 /* F#6s.mp3 in Resources */ = {isa = PBXBuildFile; fileRef = 932001B11F133D5500004228 /* F#6s.mp3 */; };
		932002421F133D5500004228 /* F1.mp3 in Resources */ = {isa = PBXBuildFile; fileRef = 932001B21F133D5500004228 /* F1.mp3 */; };
		932002431F133D5500004228 /* F1s.mp3 in Resources */ = {isa = PBXBuildFile; fileRef = 932001B31F133D5500004228 /* F1s.mp3 */; };
		932002441F133D5500004228 /* F2.mp3 in Resources */ = {isa = PBXBuildFile; fileRef = 932001B41F133D5500004228 /* F2.mp3 */; };
		932002451F133D5500004228 /* F2s.mp3 in Resources */ = {isa = PBXBuildFile; fileRef = 932001B51F133D5500004228 /* F2s.mp3 */; };
		932002461F133D5500004228 /* F3.mp3 in Resources */ = {isa = PBXBuildFile; fileRef = 932001B61F133D5500004228 /* F3.mp3 */; };
		932002471F133D5500004228 /* F3s.mp3 in Resources */ = {isa = PBXBuildFile; fileRef = 932001B71F133D5500004228 /* F3s.mp3 */; };
		932002481F133D5500004228 /* F4.mp3 in Resources */ = {isa = PBXBuildFile; fileRef = 932001B81F133D5500004228 /* F4.mp3 */; };
		932002491F133D5500004228 /* F4s.mp3 in Resources */ = {isa = PBXBuildFile; fileRef = 932001B91F133D5500004228 /* F4s.mp3 */; };
		9320024A1F133D5500004228 /* F5.mp3 in Resources */ = {isa = PBXBuildFile; fileRef = 932001BA1F133D5500004228 /* F5.mp3 */; };
		9320024B1F133D5500004228 /* F5s.mp3 in Resources */ = {isa = PBXBuildFile; fileRef = 932001BB1F133D5500004228 /* F5s.mp3 */; };
		9320024C1F133D5500004228 /* F6.mp3 in Resources */ = {isa = PBXBuildFile; fileRef = 932001BC1F133D5500004228 /* F6.mp3 */; };
		9320024D1F133D5500004228 /* F6s.mp3 in Resources */ = {isa = PBXBuildFile; fileRef = 932001BD1F133D5500004228 /* F6s.mp3 */; };
		9320024E1F133D5500004228 /* G#1.mp3 in Resources */ = {isa = PBXBuildFile; fileRef = 932001BE1F133D5500004228 /* G#1.mp3 */; };
		9320024F1F133D5500004228 /* G#1s.mp3 in Resources */ = {isa = PBXBuildFile; fileRef = 932001BF1F133D5500004228 /* G#1s.mp3 */; };
		932002501F133D5500004228 /* G#2.mp3 in Resources */ = {isa = PBXBuildFile; fileRef = 932001C01F133D5500004228 /* G#2.mp3 */; };
		932002511F133D5500004228 /* G#2s.mp3 in Resources */ = {isa = PBXBuildFile; fileRef = 932001C11F133D5500004228 /* G#2s.mp3 */; };
		932002521F133D5500004228 /* G#3.mp3 in Resources */ = {isa = PBXBuildFile; fileRef = 932001C21F133D5500004228 /* G#3.mp3 */; };
		932002531F133D5500004228 /* G#3s.mp3 in Resources */ = {isa = PBXBuildFile; fileRef = 932001C31F133D5500004228 /* G#3s.mp3 */; };
		932002541F133D5500004228 /* G#4.mp3 in Resources */ = {isa = PBXBuildFile; fileRef = 932001C41F133D5500004228 /* G#4.mp3 */; };
		932002551F133D5500004228 /* G#4s.mp3 in Resources */ = {isa = PBXBuildFile; fileRef = 932001C51F133D5500004228 /* G#4s.mp3 */; };
		932002561F133D5500004228 /* G#5.mp3 in Resources */ = {isa = PBXBuildFile; fileRef = 932001C61F133D5500004228 /* G#5.mp3 */; };
		932002571F133D5500004228 /* G#5s.mp3 in Resources */ = {isa = PBXBuildFile; fileRef = 932001C71F133D5500004228 /* G#5s.mp3 */; };
		932002581F133D5500004228 /* G#6.mp3 in Resources */ = {isa = PBXBuildFile; fileRef = 932001C81F133D5500004228 /* G#6.mp3 */; };
		932002591F133D5500004228 /* G#6s.mp3 in Resources */ = {isa = PBXBuildFile; fileRef = 932001C91F133D5500004228 /* G#6s.mp3 */; };
		9320025A1F133D5500004228 /* G1.mp3 in Resources */ = {isa = PBXBuildFile; fileRef = 932001CA1F133D5500004228 /* G1.mp3 */; };
		9320025B1F133D5500004228 /* G1s.mp3 in Resources */ = {isa = PBXBuildFile; fileRef = 932001CB1F133D5500004228 /* G1s.mp3 */; };
		9320025C1F133D5500004228 /* G2.mp3 in Resources */ = {isa = PBXBuildFile; fileRef = 932001CC1F133D5500004228 /* G2.mp3 */; };
		9320025D1F133D5500004228 /* G2s.mp3 in Resources */ = {isa = PBXBuildFile; fileRef = 932001CD1F133D5500004228 /* G2s.mp3 */; };
		9320025E1F133D5500004228 /* G3.mp3 in Resources */ = {isa = PBXBuildFile; fileRef = 932001CE1F133D5500004228 /* G3.mp3 */; };
		9320025F1F133D5500004228 /* G3s.mp3 in Resources */ = {isa = PBXBuildFile; fileRef = 932001CF1F133D5500004228 /* G3s.mp3 */; };
		932002601F133D5500004228 /* G4.mp3 in Resources */ = {isa = PBXBuildFile; fileRef = 932001D01F133D5500004228 /* G4.mp3 */; };
		932002611F133D5500004228 /* G4s.mp3 in Resources */ = {isa = PBXBuildFile; fileRef = 932001D11F133D5500004228 /* G4s.mp3 */; };
		932002621F133D5500004228 /* G5.mp3 in Resources */ = {isa = PBXBuildFile; fileRef = 932001D21F133D5500004228 /* G5.mp3 */; };
		932002631F133D5500004228 /* G5s.mp3 in Resources */ = {isa = PBXBuildFile; fileRef = 932001D31F133D5500004228 /* G5s.mp3 */; };
		932002641F133D5500004228 /* G6.mp3 in Resources */ = {isa = PBXBuildFile; fileRef = 932001D41F133D5500004228 /* G6.mp3 */; };
		932002651F133D5500004228 /* G6s.mp3 in Resources */ = {isa = PBXBuildFile; fileRef = 932001D51F133D5500004228 /* G6s.mp3 */; };
		9329F4261E4C1A2300429229 /* AppDelegate.swift in Sources */ = {isa = PBXBuildFile; fileRef = 9329F4251E4C1A2300429229 /* AppDelegate.swift */; };
		9329F4281E4C1A2300429229 /* ViewController.swift in Sources */ = {isa = PBXBuildFile; fileRef = 9329F4271E4C1A2300429229 /* ViewController.swift */; };
		9329F42B1E4C1A2300429229 /* Main.storyboard in Resources */ = {isa = PBXBuildFile; fileRef = 9329F4291E4C1A2300429229 /* Main.storyboard */; };
		9329F42D1E4C1A2300429229 /* Assets.xcassets in Resources */ = {isa = PBXBuildFile; fileRef = 9329F42C1E4C1A2300429229 /* Assets.xcassets */; };
		9329F4301E4C1A2300429229 /* LaunchScreen.storyboard in Resources */ = {isa = PBXBuildFile; fileRef = 9329F42E1E4C1A2300429229 /* LaunchScreen.storyboard */; };
		9329F43A1E4C4E5B00429229 /* AVFoundation.framework in Frameworks */ = {isa = PBXBuildFile; fileRef = 9329F4391E4C4E5B00429229 /* AVFoundation.framework */; };
		933D23A81E5A996000BC90E9 /* SettingsView.swift in Sources */ = {isa = PBXBuildFile; fileRef = 933D23A71E5A996000BC90E9 /* SettingsView.swift */; };
		93721D601E774A3F00CFAB5A /* GoogleService-Info.plist in Resources */ = {isa = PBXBuildFile; fileRef = 93721D5F1E774A3F00CFAB5A /* GoogleService-Info.plist */; };
/* End PBXBuildFile section */

/* Begin PBXFileReference section */
		374072455AAE72D3CA85436F /* Pods-Piano.release.xcconfig */ = {isa = PBXFileReference; includeInIndex = 1; lastKnownFileType = text.xcconfig; name = "Pods-Piano.release.xcconfig"; path = "Pods/Target Support Files/Pods-Piano/Pods-Piano.release.xcconfig"; sourceTree = "<group>"; };
		8186F0CA1376C90C4CD30E77 /* Pods_Piano.framework */ = {isa = PBXFileReference; explicitFileType = wrapper.framework; includeInIndex = 0; path = Pods_Piano.framework; sourceTree = BUILT_PRODUCTS_DIR; };
		932001461F133D5400004228 /* A#1.mp3 */ = {isa = PBXFileReference; lastKnownFileType = audio.mp3; path = "A#1.mp3"; sourceTree = "<group>"; };
		932001471F133D5400004228 /* A#1s.mp3 */ = {isa = PBXFileReference; lastKnownFileType = audio.mp3; path = "A#1s.mp3"; sourceTree = "<group>"; };
		932001481F133D5400004228 /* A#2.mp3 */ = {isa = PBXFileReference; lastKnownFileType = audio.mp3; path = "A#2.mp3"; sourceTree = "<group>"; };
		932001491F133D5400004228 /* A#2s.mp3 */ = {isa = PBXFileReference; lastKnownFileType = audio.mp3; path = "A#2s.mp3"; sourceTree = "<group>"; };
		9320014A1F133D5400004228 /* A#3.mp3 */ = {isa = PBXFileReference; lastKnownFileType = audio.mp3; path = "A#3.mp3"; sourceTree = "<group>"; };
		9320014B1F133D5400004228 /* A#3s.mp3 */ = {isa = PBXFileReference; lastKnownFileType = audio.mp3; path = "A#3s.mp3"; sourceTree = "<group>"; };
		9320014C1F133D5400004228 /* A#4.mp3 */ = {isa = PBXFileReference; lastKnownFileType = audio.mp3; path = "A#4.mp3"; sourceTree = "<group>"; };
		9320014D1F133D5400004228 /* A#4s.mp3 */ = {isa = PBXFileReference; lastKnownFileType = audio.mp3; path = "A#4s.mp3"; sourceTree = "<group>"; };
		9320014E1F133D5400004228 /* A#5.mp3 */ = {isa = PBXFileReference; lastKnownFileType = audio.mp3; path = "A#5.mp3"; sourceTree = "<group>"; };
		9320014F1F133D5400004228 /* A#5s.mp3 */ = {isa = PBXFileReference; lastKnownFileType = audio.mp3; path = "A#5s.mp3"; sourceTree = "<group>"; };
		932001501F133D5400004228 /* A#6.mp3 */ = {isa = PBXFileReference; lastKnownFileType = audio.mp3; path = "A#6.mp3"; sourceTree = "<group>"; };
		932001511F133D5400004228 /* A#6s.mp3 */ = {isa = PBXFileReference; lastKnownFileType = audio.mp3; path = "A#6s.mp3"; sourceTree = "<group>"; };
		932001521F133D5400004228 /* A1.mp3 */ = {isa = PBXFileReference; lastKnownFileType = audio.mp3; path = A1.mp3; sourceTree = "<group>"; };
		932001531F133D5400004228 /* A1s.mp3 */ = {isa = PBXFileReference; lastKnownFileType = audio.mp3; path = A1s.mp3; sourceTree = "<group>"; };
		932001541F133D5400004228 /* A2.mp3 */ = {isa = PBXFileReference; lastKnownFileType = audio.mp3; path = A2.mp3; sourceTree = "<group>"; };
		932001551F133D5400004228 /* A2s.mp3 */ = {isa = PBXFileReference; lastKnownFileType = audio.mp3; path = A2s.mp3; sourceTree = "<group>"; };
		932001561F133D5400004228 /* A3.mp3 */ = {isa = PBXFileReference; lastKnownFileType = audio.mp3; path = A3.mp3; sourceTree = "<group>"; };
		932001571F133D5400004228 /* A3s.mp3 */ = {isa = PBXFileReference; lastKnownFileType = audio.mp3; path = A3s.mp3; sourceTree = "<group>"; };
		932001581F133D5400004228 /* A4.mp3 */ = {isa = PBXFileReference; lastKnownFileType = audio.mp3; path = A4.mp3; sourceTree = "<group>"; };
		932001591F133D5400004228 /* A4s.mp3 */ = {isa = PBXFileReference; lastKnownFileType = audio.mp3; path = A4s.mp3; sourceTree = "<group>"; };
		9320015A1F133D5400004228 /* A5.mp3 */ = {isa = PBXFileReference; lastKnownFileType = audio.mp3; path = A5.mp3; sourceTree = "<group>"; };
		9320015B1F133D5400004228 /* A5s.mp3 */ = {isa = PBXFileReference; lastKnownFileType = audio.mp3; path = A5s.mp3; sourceTree = "<group>"; };
		9320015C1F133D5400004228 /* A6.mp3 */ = {isa = PBXFileReference; lastKnownFileType = audio.mp3; path = A6.mp3; sourceTree = "<group>"; };
		9320015D1F133D5400004228 /* A6s.mp3 */ = {isa = PBXFileReference; lastKnownFileType = audio.mp3; path = A6s.mp3; sourceTree = "<group>"; };
		9320015E1F133D5400004228 /* B1.mp3 */ = {isa = PBXFileReference; lastKnownFileType = audio.mp3; path = B1.mp3; sourceTree = "<group>"; };
		9320015F1F133D5400004228 /* B1s.mp3 */ = {isa = PBXFileReference; lastKnownFileType = audio.mp3; path = B1s.mp3; sourceTree = "<group>"; };
		932001601F133D5400004228 /* B2.mp3 */ = {isa = PBXFileReference; lastKnownFileType = audio.mp3; path = B2.mp3; sourceTree = "<group>"; };
		932001611F133D5400004228 /* B2s.mp3 */ = {isa = PBXFileReference; lastKnownFileType = audio.mp3; path = B2s.mp3; sourceTree = "<group>"; };
		932001621F133D5400004228 /* B3.mp3 */ = {isa = PBXFileReference; lastKnownFileType = audio.mp3; path = B3.mp3; sourceTree = "<group>"; };
		932001631F133D5400004228 /* B3s.mp3 */ = {isa = PBXFileReference; lastKnownFileType = audio.mp3; path = B3s.mp3; sourceTree = "<group>"; };
		932001641F133D5400004228 /* B4.mp3 */ = {isa = PBXFileReference; lastKnownFileType = audio.mp3; path = B4.mp3; sourceTree = "<group>"; };
		932001651F133D5400004228 /* B4s.mp3 */ = {isa = PBXFileReference; lastKnownFileType = audio.mp3; path = B4s.mp3; sourceTree = "<group>"; };
		932001661F133D5400004228 /* B5.mp3 */ = {isa = PBXFileReference; lastKnownFileType = audio.mp3; path = B5.mp3; sourceTree = "<group>"; };
		932001671F133D5400004228 /* B5s.mp3 */ = {isa = PBXFileReference; lastKnownFileType = audio.mp3; path = B5s.mp3; sourceTree = "<group>"; };
		932001681F133D5400004228 /* B6.mp3 */ = {isa = PBXFileReference; lastKnownFileType = audio.mp3; path = B6.mp3; sourceTree = "<group>"; };
		932001691F133D5400004228 /* B6s.mp3 */ = {isa = PBXFileReference; lastKnownFileType = audio.mp3; path = B6s.mp3; sourceTree = "<group>"; };
		9320016A1F133D5400004228 /* C#1.mp3 */ = {isa = PBXFileReference; lastKnownFileType = audio.mp3; path = "C#1.mp3"; sourceTree = "<group>"; };
		9320016B1F133D5400004228 /* C#1s.mp3 */ = {isa = PBXFileReference; lastKnownFileType = audio.mp3; path = "C#1s.mp3"; sourceTree = "<group>"; };
		9320016C1F133D5400004228 /* C#2.mp3 */ = {isa = PBXFileReference; lastKnownFileType = audio.mp3; path = "C#2.mp3"; sourceTree = "<group>"; };
		9320016D1F133D5400004228 /* C#2s.mp3 */ = {isa = PBXFileReference; lastKnownFileType = audio.mp3; path = "C#2s.mp3"; sourceTree = "<group>"; };
		9320016E1F133D5400004228 /* C#3.mp3 */ = {isa = PBXFileReference; lastKnownFileType = audio.mp3; path = "C#3.mp3"; sourceTree = "<group>"; };
		9320016F1F133D5400004228 /* C#3s.mp3 */ = {isa = PBXFileReference; lastKnownFileType = audio.mp3; path = "C#3s.mp3"; sourceTree = "<group>"; };
		932001701F133D5400004228 /* C#4.mp3 */ = {isa = PBXFileReference; lastKnownFileType = audio.mp3; path = "C#4.mp3"; sourceTree = "<group>"; };
		932001711F133D5400004228 /* C#4s.mp3 */ = {isa = PBXFileReference; lastKnownFileType = audio.mp3; path = "C#4s.mp3"; sourceTree = "<group>"; };
		932001721F133D5400004228 /* C#5.mp3 */ = {isa = PBXFileReference; lastKnownFileType = audio.mp3; path = "C#5.mp3"; sourceTree = "<group>"; };
		932001731F133D5400004228 /* C#5s.mp3 */ = {isa = PBXFileReference; lastKnownFileType = audio.mp3; path = "C#5s.mp3"; sourceTree = "<group>"; };
		932001741F133D5400004228 /* C#6.mp3 */ = {isa = PBXFileReference; lastKnownFileType = audio.mp3; path = "C#6.mp3"; sourceTree = "<group>"; };
		932001751F133D5400004228 /* C#6s.mp3 */ = {isa = PBXFileReference; lastKnownFileType = audio.mp3; path = "C#6s.mp3"; sourceTree = "<group>"; };
		932001761F133D5400004228 /* C1.mp3 */ = {isa = PBXFileReference; lastKnownFileType = audio.mp3; path = C1.mp3; sourceTree = "<group>"; };
		932001771F133D5400004228 /* C1s.mp3 */ = {isa = PBXFileReference; lastKnownFileType = audio.mp3; path = C1s.mp3; sourceTree = "<group>"; };
		932001781F133D5400004228 /* C2.mp3 */ = {isa = PBXFileReference; lastKnownFileType = audio.mp3; path = C2.mp3; sourceTree = "<group>"; };
		932001791F133D5400004228 /* C2s.mp3 */ = {isa = PBXFileReference; lastKnownFileType = audio.mp3; path = C2s.mp3; sourceTree = "<group>"; };
		9320017A1F133D5400004228 /* C3.mp3 */ = {isa = PBXFileReference; lastKnownFileType = audio.mp3; path = C3.mp3; sourceTree = "<group>"; };
		9320017B1F133D5400004228 /* C3s.mp3 */ = {isa = PBXFileReference; lastKnownFileType = audio.mp3; path = C3s.mp3; sourceTree = "<group>"; };
		9320017C1F133D5400004228 /* C4.mp3 */ = {isa = PBXFileReference; lastKnownFileType = audio.mp3; path = C4.mp3; sourceTree = "<group>"; };
		9320017D1F133D5400004228 /* C4s.mp3 */ = {isa = PBXFileReference; lastKnownFileType = audio.mp3; path = C4s.mp3; sourceTree = "<group>"; };
		9320017E1F133D5400004228 /* C5.mp3 */ = {isa = PBXFileReference; lastKnownFileType = audio.mp3; path = C5.mp3; sourceTree = "<group>"; };
		9320017F1F133D5400004228 /* C5s.mp3 */ = {isa = PBXFileReference; lastKnownFileType = audio.mp3; path = C5s.mp3; sourceTree = "<group>"; };
		932001801F133D5400004228 /* C6.mp3 */ = {isa = PBXFileReference; lastKnownFileType = audio.mp3; path = C6.mp3; sourceTree = "<group>"; };
		932001811F133D5400004228 /* C6s.mp3 */ = {isa = PBXFileReference; lastKnownFileType = audio.mp3; path = C6s.mp3; sourceTree = "<group>"; };
		932001821F133D5400004228 /* D#1.mp3 */ = {isa = PBXFileReference; lastKnownFileType = audio.mp3; path = "D#1.mp3"; sourceTree = "<group>"; };
		932001831F133D5400004228 /* D#1s.mp3 */ = {isa = PBXFileReference; lastKnownFileType = audio.mp3; path = "D#1s.mp3"; sourceTree = "<group>"; };
		932001841F133D5400004228 /* D#2.mp3 */ = {isa = PBXFileReference; lastKnownFileType = audio.mp3; path = "D#2.mp3"; sourceTree = "<group>"; };
		932001851F133D5400004228 /* D#2s.mp3 */ = {isa = PBXFileReference; lastKnownFileType = audio.mp3; path = "D#2s.mp3"; sourceTree = "<group>"; };
		932001861F133D5400004228 /* D#3.mp3 */ = {isa = PBXFileReference; lastKnownFileType = audio.mp3; path = "D#3.mp3"; sourceTree = "<group>"; };
		932001871F133D5400004228 /* D#3s.mp3 */ = {isa = PBXFileReference; lastKnownFileType = audio.mp3; path = "D#3s.mp3"; sourceTree = "<group>"; };
		932001881F133D5400004228 /* D#4.mp3 */ = {isa = PBXFileReference; lastKnownFileType = audio.mp3; path = "D#4.mp3"; sourceTree = "<group>"; };
		932001891F133D5400004228 /* D#4s.mp3 */ = {isa = PBXFileReference; lastKnownFileType = audio.mp3; path = "D#4s.mp3"; sourceTree = "<group>"; };
		9320018A1F133D5400004228 /* D#5.mp3 */ = {isa = PBXFileReference; lastKnownFileType = audio.mp3; path = "D#5.mp3"; sourceTree = "<group>"; };
		9320018B1F133D5400004228 /* D#5s.mp3 */ = {isa = PBXFileReference; lastKnownFileType = audio.mp3; path = "D#5s.mp3"; sourceTree = "<group>"; };
		9320018C1F133D5400004228 /* D#6.mp3 */ = {isa = PBXFileReference; lastKnownFileType = audio.mp3; path = "D#6.mp3"; sourceTree = "<group>"; };
		9320018D1F133D5400004228 /* D#6s.mp3 */ = {isa = PBXFileReference; lastKnownFileType = audio.mp3; path = "D#6s.mp3"; sourceTree = "<group>"; };
		9320018E1F133D5400004228 /* D1.mp3 */ = {isa = PBXFileReference; lastKnownFileType = audio.mp3; path = D1.mp3; sourceTree = "<group>"; };
		9320018F1F133D5400004228 /* D1s.mp3 */ = {isa = PBXFileReference; lastKnownFileType = audio.mp3; path = D1s.mp3; sourceTree = "<group>"; };
		932001901F133D5400004228 /* D2.mp3 */ = {isa = PBXFileReference; lastKnownFileType = audio.mp3; path = D2.mp3; sourceTree = "<group>"; };
		932001911F133D5400004228 /* D2s.mp3 */ = {isa = PBXFileReference; lastKnownFileType = audio.mp3; path = D2s.mp3; sourceTree = "<group>"; };
		932001921F133D5400004228 /* D3.mp3 */ = {isa = PBXFileReference; lastKnownFileType = audio.mp3; path = D3.mp3; sourceTree = "<group>"; };
		932001931F133D5400004228 /* D3s.mp3 */ = {isa = PBXFileReference; lastKnownFileType = audio.mp3; path = D3s.mp3; sourceTree = "<group>"; };
		932001941F133D5400004228 /* D4.mp3 */ = {isa = PBXFileReference; lastKnownFileType = audio.mp3; path = D4.mp3; sourceTree = "<group>"; };
		932001951F133D5500004228 /* D4s.mp3 */ = {isa = PBXFileReference; lastKnownFileType = audio.mp3; path = D4s.mp3; sourceTree = "<group>"; };
		932001961F133D5500004228 /* D5.mp3 */ = {isa = PBXFileReference; lastKnownFileType = audio.mp3; path = D5.mp3; sourceTree = "<group>"; };
		932001971F133D5500004228 /* D5s.mp3 */ = {isa = PBXFileReference; lastKnownFileType = audio.mp3; path = D5s.mp3; sourceTree = "<group>"; };
		932001981F133D5500004228 /* D6.mp3 */ = {isa = PBXFileReference; lastKnownFileType = audio.mp3; path = D6.mp3; sourceTree = "<group>"; };
		932001991F133D5500004228 /* D6s.mp3 */ = {isa = PBXFileReference; lastKnownFileType = audio.mp3; path = D6s.mp3; sourceTree = "<group>"; };
		9320019A1F133D5500004228 /* E1.mp3 */ = {isa = PBXFileReference; lastKnownFileType = audio.mp3; path = E1.mp3; sourceTree = "<group>"; };
		9320019B1F133D5500004228 /* E1s.mp3 */ = {isa = PBXFileReference; lastKnownFileType = audio.mp3; path = E1s.mp3; sourceTree = "<group>"; };
		9320019C1F133D5500004228 /* E2.mp3 */ = {isa = PBXFileReference; lastKnownFileType = audio.mp3; path = E2.mp3; sourceTree = "<group>"; };
		9320019D1F133D5500004228 /* E2s.mp3 */ = {isa = PBXFileReference; lastKnownFileType = audio.mp3; path = E2s.mp3; sourceTree = "<group>"; };
		9320019E1F133D5500004228 /* E3.mp3 */ = {isa = PBXFileReference; lastKnownFileType = audio.mp3; path = E3.mp3; sourceTree = "<group>"; };
		9320019F1F133D5500004228 /* E3s.mp3 */ = {isa = PBXFileReference; lastKnownFileType = audio.mp3; path = E3s.mp3; sourceTree = "<group>"; };
		932001A01F133D5500004228 /* E4.mp3 */ = {isa = PBXFileReference; lastKnownFileType = audio.mp3; path = E4.mp3; sourceTree = "<group>"; };
		932001A11F133D5500004228 /* E4s.mp3 */ = {isa = PBXFileReference; lastKnownFileType = audio.mp3; path = E4s.mp3; sourceTree = "<group>"; };
		932001A21F133D5500004228 /* E5.mp3 */ = {isa = PBXFileReference; lastKnownFileType = audio.mp3; path = E5.mp3; sourceTree = "<group>"; };
		932001A31F133D5500004228 /* E5s.mp3 */ = {isa = PBXFileReference; lastKnownFileType = audio.mp3; path = E5s.mp3; sourceTree = "<group>"; };
		932001A41F133D5500004228 /* E6.mp3 */ = {isa = PBXFileReference; lastKnownFileType = audio.mp3; path = E6.mp3; sourceTree = "<group>"; };
		932001A51F133D5500004228 /* E6s.mp3 */ = {isa = PBXFileReference; lastKnownFileType = audio.mp3; path = E6s.mp3; sourceTree = "<group>"; };
		932001A61F133D5500004228 /* F#1.mp3 */ = {isa = PBXFileReference; lastKnownFileType = audio.mp3; path = "F#1.mp3"; sourceTree = "<group>"; };
		932001A71F133D5500004228 /* F#1s.mp3 */ = {isa = PBXFileReference; lastKnownFileType = audio.mp3; path = "F#1s.mp3"; sourceTree = "<group>"; };
		932001A81F133D5500004228 /* F#2.mp3 */ = {isa = PBXFileReference; lastKnownFileType = audio.mp3; path = "F#2.mp3"; sourceTree = "<group>"; };
		932001A91F133D5500004228 /* F#2s.mp3 */ = {isa = PBXFileReference; lastKnownFileType = audio.mp3; path = "F#2s.mp3"; sourceTree = "<group>"; };
		932001AA1F133D5500004228 /* F#3.mp3 */ = {isa = PBXFileReference; lastKnownFileType = audio.mp3; path = "F#3.mp3"; sourceTree = "<group>"; };
		932001AB1F133D5500004228 /* F#3s.mp3 */ = {isa = PBXFileReference; lastKnownFileType = audio.mp3; path = "F#3s.mp3"; sourceTree = "<group>"; };
		932001AC1F133D5500004228 /* F#4.mp3 */ = {isa = PBXFileReference; lastKnownFileType = audio.mp3; path = "F#4.mp3"; sourceTree = "<group>"; };
		932001AD1F133D5500004228 /* F#4s.mp3 */ = {isa = PBXFileReference; lastKnownFileType = audio.mp3; path = "F#4s.mp3"; sourceTree = "<group>"; };
		932001AE1F133D5500004228 /* F#5.mp3 */ = {isa = PBXFileReference; lastKnownFileType = audio.mp3; path = "F#5.mp3"; sourceTree = "<group>"; };
		932001AF1F133D5500004228 /* F#5s.mp3 */ = {isa = PBXFileReference; lastKnownFileType = audio.mp3; path = "F#5s.mp3"; sourceTree = "<group>"; };
		932001B01F133D5500004228 /* F#6.mp3 */ = {isa = PBXFileReference; lastKnownFileType = audio.mp3; path = "F#6.mp3"; sourceTree = "<group>"; };
		932001B11F133D5500004228 /* F#6s.mp3 */ = {isa = PBXFileReference; lastKnownFileType = audio.mp3; path = "F#6s.mp3"; sourceTree = "<group>"; };
		932001B21F133D5500004228 /* F1.mp3 */ = {isa = PBXFileReference; lastKnownFileType = audio.mp3; path = F1.mp3; sourceTree = "<group>"; };
		932001B31F133D5500004228 /* F1s.mp3 */ = {isa = PBXFileReference; lastKnownFileType = audio.mp3; path = F1s.mp3; sourceTree = "<group>"; };
		932001B41F133D5500004228 /* F2.mp3 */ = {isa = PBXFileReference; lastKnownFileType = audio.mp3; path = F2.mp3; sourceTree = "<group>"; };
		932001B51F133D5500004228 /* F2s.mp3 */ = {isa = PBXFileReference; lastKnownFileType = audio.mp3; path = F2s.mp3; sourceTree = "<group>"; };
		932001B61F133D5500004228 /* F3.mp3 */ = {isa = PBXFileReference; lastKnownFileType = audio.mp3; path = F3.mp3; sourceTree = "<group>"; };
		932001B71F133D5500004228 /* F3s.mp3 */ = {isa = PBXFileReference; lastKnownFileType = audio.mp3; path = F3s.mp3; sourceTree = "<group>"; };
		932001B81F133D5500004228 /* F4.mp3 */ = {isa = PBXFileReference; lastKnownFileType = audio.mp3; path = F4.mp3; sourceTree = "<group>"; };
		932001B91F133D5500004228 /* F4s.mp3 */ = {isa = PBXFileReference; lastKnownFileType = audio.mp3; path = F4s.mp3; sourceTree = "<group>"; };
		932001BA1F133D5500004228 /* F5.mp3 */ = {isa = PBXFileReference; lastKnownFileType = audio.mp3; path = F5.mp3; sourceTree = "<group>"; };
		932001BB1F133D5500004228 /* F5s.mp3 */ = {isa = PBXFileReference; lastKnownFileType = audio.mp3; path = F5s.mp3; sourceTree = "<group>"; };
		932001BC1F133D5500004228 /* F6.mp3 */ = {isa = PBXFileReference; lastKnownFileType = audio.mp3; path = F6.mp3; sourceTree = "<group>"; };
		932001BD1F133D5500004228 /* F6s.mp3 */ = {isa = PBXFileReference; lastKnownFileType = audio.mp3; path = F6s.mp3; sourceTree = "<group>"; };
		932001BE1F133D5500004228 /* G#1.mp3 */ = {isa = PBXFileReference; lastKnownFileType = audio.mp3; path = "G#1.mp3"; sourceTree = "<group>"; };
		932001BF1F133D5500004228 /* G#1s.mp3 */ = {isa = PBXFileReference; lastKnownFileType = audio.mp3; path = "G#1s.mp3"; sourceTree = "<group>"; };
		932001C01F133D5500004228 /* G#2.mp3 */ = {isa = PBXFileReference; lastKnownFileType = audio.mp3; path = "G#2.mp3"; sourceTree = "<group>"; };
		932001C11F133D5500004228 /* G#2s.mp3 */ = {isa = PBXFileReference; lastKnownFileType = audio.mp3; path = "G#2s.mp3"; sourceTree = "<group>"; };
		932001C21F133D5500004228 /* G#3.mp3 */ = {isa = PBXFileReference; lastKnownFileType = audio.mp3; path = "G#3.mp3"; sourceTree = "<group>"; };
		932001C31F133D5500004228 /* G#3s.mp3 */ = {isa = PBXFileReference; lastKnownFileType = audio.mp3; path = "G#3s.mp3"; sourceTree = "<group>"; };
		932001C41F133D5500004228 /* G#4.mp3 */ = {isa = PBXFileReference; lastKnownFileType = audio.mp3; path = "G#4.mp3"; sourceTree = "<group>"; };
		932001C51F133D5500004228 /* G#4s.mp3 */ = {isa = PBXFileReference; lastKnownFileType = audio.mp3; path = "G#4s.mp3"; sourceTree = "<group>"; };
		932001C61F133D5500004228 /* G#5.mp3 */ = {isa = PBXFileReference; lastKnownFileType = audio.mp3; path = "G#5.mp3"; sourceTree = "<group>"; };
		932001C71F133D5500004228 /* G#5s.mp3 */ = {isa = PBXFileReference; lastKnownFileType = audio.mp3; path = "G#5s.mp3"; sourceTree = "<group>"; };
		932001C81F133D5500004228 /* G#6.mp3 */ = {isa = PBXFileReference; lastKnownFileType = audio.mp3; path = "G#6.mp3"; sourceTree = "<group>"; };
		932001C91F133D5500004228 /* G#6s.mp3 */ = {isa = PBXFileReference; lastKnownFileType = audio.mp3; path = "G#6s.mp3"; sourceTree = "<group>"; };
		932001CA1F133D5500004228 /* G1.mp3 */ = {isa = PBXFileReference; lastKnownFileType = audio.mp3; path = G1.mp3; sourceTree = "<group>"; };
		932001CB1F133D5500004228 /* G1s.mp3 */ = {isa = PBXFileReference; lastKnownFileType = audio.mp3; path = G1s.mp3; sourceTree = "<group>"; };
		932001CC1F133D5500004228 /* G2.mp3 */ = {isa = PBXFileReference; lastKnownFileType = audio.mp3; path = G2.mp3; sourceTree = "<group>"; };
		932001CD1F133D5500004228 /* G2s.mp3 */ = {isa = PBXFileReference; lastKnownFileType = audio.mp3; path = G2s.mp3; sourceTree = "<group>"; };
		932001CE1F133D5500004228 /* G3.mp3 */ = {isa = PBXFileReference; lastKnownFileType = audio.mp3; path = G3.mp3; sourceTree = "<group>"; };
		932001CF1F133D5500004228 /* G3s.mp3 */ = {isa = PBXFileReference; lastKnownFileType = audio.mp3; path = G3s.mp3; sourceTree = "<group>"; };
		932001D01F133D5500004228 /* G4.mp3 */ = {isa = PBXFileReference; lastKnownFileType = audio.mp3; path = G4.mp3; sourceTree = "<group>"; };
		932001D11F133D5500004228 /* G4s.mp3 */ = {isa = PBXFileReference; lastKnownFileType = audio.mp3; path = G4s.mp3; sourceTree = "<group>"; };
		932001D21F133D5500004228 /* G5.mp3 */ = {isa = PBXFileReference; lastKnownFileType = audio.mp3; path = G5.mp3; sourceTree = "<group>"; };
		932001D31F133D5500004228 /* G5s.mp3 */ = {isa = PBXFileReference; lastKnownFileType = audio.mp3; path = G5s.mp3; sourceTree = "<group>"; };
		932001D41F133D5500004228 /* G6.mp3 */ = {isa = PBXFileReference; lastKnownFileType = audio.mp3; path = G6.mp3; sourceTree = "<group>"; };
		932001D51F133D5500004228 /* G6s.mp3 */ = {isa = PBXFileReference; lastKnownFileType = audio.mp3; path = G6s.mp3; sourceTree = "<group>"; };
		9329F4221E4C1A2300429229 /* Piano.app */ = {isa = PBXFileReference; explicitFileType = wrapper.application; includeInIndex = 0; path = Piano.app; sourceTree = BUILT_PRODUCTS_DIR; };
		9329F4251E4C1A2300429229 /* AppDelegate.swift */ = {isa = PBXFileReference; lastKnownFileType = sourcecode.swift; path = AppDelegate.swift; sourceTree = "<group>"; };
		9329F4271E4C1A2300429229 /* ViewController.swift */ = {isa = PBXFileReference; lastKnownFileType = sourcecode.swift; path = ViewController.swift; sourceTree = "<group>"; };
		9329F42A1E4C1A2300429229 /* Base */ = {isa = PBXFileReference; lastKnownFileType = file.storyboard; name = Base; path = Base.lproj/Main.storyboard; sourceTree = "<group>"; };
		9329F42C1E4C1A2300429229 /* Assets.xcassets */ = {isa = PBXFileReference; lastKnownFileType = folder.assetcatalog; path = Assets.xcassets; sourceTree = "<group>"; };
		9329F42F1E4C1A2300429229 /* Base */ = {isa = PBXFileReference; lastKnownFileType = file.storyboard; name = Base; path = Base.lproj/LaunchScreen.storyboard; sourceTree = "<group>"; };
		9329F4311E4C1A2300429229 /* Info.plist */ = {isa = PBXFileReference; lastKnownFileType = text.plist.xml; path = Info.plist; sourceTree = "<group>"; };
		9329F4391E4C4E5B00429229 /* AVFoundation.framework */ = {isa = PBXFileReference; lastKnownFileType = wrapper.framework; name = AVFoundation.framework; path = System/Library/Frameworks/AVFoundation.framework; sourceTree = SDKROOT; };
		933D23A71E5A996000BC90E9 /* SettingsView.swift */ = {isa = PBXFileReference; fileEncoding = 4; lastKnownFileType = sourcecode.swift; path = SettingsView.swift; sourceTree = "<group>"; };
		93721D5F1E774A3F00CFAB5A /* GoogleService-Info.plist */ = {isa = PBXFileReference; fileEncoding = 4; lastKnownFileType = text.plist.xml; path = "GoogleService-Info.plist"; sourceTree = "<group>"; };
		D407263AB446947A4909F344 /* Pods-Piano.debug.xcconfig */ = {isa = PBXFileReference; includeInIndex = 1; lastKnownFileType = text.xcconfig; name = "Pods-Piano.debug.xcconfig"; path = "Pods/Target Support Files/Pods-Piano/Pods-Piano.debug.xcconfig"; sourceTree = "<group>"; };
/* End PBXFileReference section */

/* Begin PBXFrameworksBuildPhase section */
		9329F41F1E4C1A2300429229 /* Frameworks */ = {
			isa = PBXFrameworksBuildPhase;
			buildActionMask = 2147483647;
			files = (
				9329F43A1E4C4E5B00429229 /* AVFoundation.framework in Frameworks */,
				2E0B98B821E383C86A50F16A /* Pods_Piano.framework in Frameworks */,
			);
			runOnlyForDeploymentPostprocessing = 0;
		};
/* End PBXFrameworksBuildPhase section */

/* Begin PBXGroup section */
		932002661F133D8900004228 /* Piano Notes */ = {
			isa = PBXGroup;
			children = (
				932001461F133D5400004228 /* A#1.mp3 */,
				932001471F133D5400004228 /* A#1s.mp3 */,
				932001481F133D5400004228 /* A#2.mp3 */,
				932001491F133D5400004228 /* A#2s.mp3 */,
				9320014A1F133D5400004228 /* A#3.mp3 */,
				9320014B1F133D5400004228 /* A#3s.mp3 */,
				9320014C1F133D5400004228 /* A#4.mp3 */,
				9320014D1F133D5400004228 /* A#4s.mp3 */,
				9320014E1F133D5400004228 /* A#5.mp3 */,
				9320014F1F133D5400004228 /* A#5s.mp3 */,
				932001501F133D5400004228 /* A#6.mp3 */,
				932001511F133D5400004228 /* A#6s.mp3 */,
				932001521F133D5400004228 /* A1.mp3 */,
				932001531F133D5400004228 /* A1s.mp3 */,
				932001541F133D5400004228 /* A2.mp3 */,
				932001551F133D5400004228 /* A2s.mp3 */,
				932001561F133D5400004228 /* A3.mp3 */,
				932001571F133D5400004228 /* A3s.mp3 */,
				932001581F133D5400004228 /* A4.mp3 */,
				932001591F133D5400004228 /* A4s.mp3 */,
				9320015A1F133D5400004228 /* A5.mp3 */,
				9320015B1F133D5400004228 /* A5s.mp3 */,
				9320015C1F133D5400004228 /* A6.mp3 */,
				9320015D1F133D5400004228 /* A6s.mp3 */,
				9320015E1F133D5400004228 /* B1.mp3 */,
				9320015F1F133D5400004228 /* B1s.mp3 */,
				932001601F133D5400004228 /* B2.mp3 */,
				932001611F133D5400004228 /* B2s.mp3 */,
				932001621F133D5400004228 /* B3.mp3 */,
				932001631F133D5400004228 /* B3s.mp3 */,
				932001641F133D5400004228 /* B4.mp3 */,
				932001651F133D5400004228 /* B4s.mp3 */,
				932001661F133D5400004228 /* B5.mp3 */,
				932001671F133D5400004228 /* B5s.mp3 */,
				932001681F133D5400004228 /* B6.mp3 */,
				932001691F133D5400004228 /* B6s.mp3 */,
				9320016A1F133D5400004228 /* C#1.mp3 */,
				9320016B1F133D5400004228 /* C#1s.mp3 */,
				9320016C1F133D5400004228 /* C#2.mp3 */,
				9320016D1F133D5400004228 /* C#2s.mp3 */,
				9320016E1F133D5400004228 /* C#3.mp3 */,
				9320016F1F133D5400004228 /* C#3s.mp3 */,
				932001701F133D5400004228 /* C#4.mp3 */,
				932001711F133D5400004228 /* C#4s.mp3 */,
				932001721F133D5400004228 /* C#5.mp3 */,
				932001731F133D5400004228 /* C#5s.mp3 */,
				932001741F133D5400004228 /* C#6.mp3 */,
				932001751F133D5400004228 /* C#6s.mp3 */,
				932001761F133D5400004228 /* C1.mp3 */,
				932001771F133D5400004228 /* C1s.mp3 */,
				932001781F133D5400004228 /* C2.mp3 */,
				932001791F133D5400004228 /* C2s.mp3 */,
				9320017A1F133D5400004228 /* C3.mp3 */,
				9320017B1F133D5400004228 /* C3s.mp3 */,
				9320017C1F133D5400004228 /* C4.mp3 */,
				9320017D1F133D5400004228 /* C4s.mp3 */,
				9320017E1F133D5400004228 /* C5.mp3 */,
				9320017F1F133D5400004228 /* C5s.mp3 */,
				932001801F133D5400004228 /* C6.mp3 */,
				932001811F133D5400004228 /* C6s.mp3 */,
				932001821F133D5400004228 /* D#1.mp3 */,
				932001831F133D5400004228 /* D#1s.mp3 */,
				932001841F133D5400004228 /* D#2.mp3 */,
				932001851F133D5400004228 /* D#2s.mp3 */,
				932001861F133D5400004228 /* D#3.mp3 */,
				932001871F133D5400004228 /* D#3s.mp3 */,
				932001881F133D5400004228 /* D#4.mp3 */,
				932001891F133D5400004228 /* D#4s.mp3 */,
				9320018A1F133D5400004228 /* D#5.mp3 */,
				9320018B1F133D5400004228 /* D#5s.mp3 */,
				9320018C1F133D5400004228 /* D#6.mp3 */,
				9320018D1F133D5400004228 /* D#6s.mp3 */,
				9320018E1F133D5400004228 /* D1.mp3 */,
				9320018F1F133D5400004228 /* D1s.mp3 */,
				932001901F133D5400004228 /* D2.mp3 */,
				932001911F133D5400004228 /* D2s.mp3 */,
				932001921F133D5400004228 /* D3.mp3 */,
				932001931F133D5400004228 /* D3s.mp3 */,
				932001941F133D5400004228 /* D4.mp3 */,
				932001951F133D5500004228 /* D4s.mp3 */,
				932001961F133D5500004228 /* D5.mp3 */,
				932001971F133D5500004228 /* D5s.mp3 */,
				932001981F133D5500004228 /* D6.mp3 */,
				932001991F133D5500004228 /* D6s.mp3 */,
				9320019A1F133D5500004228 /* E1.mp3 */,
				9320019B1F133D5500004228 /* E1s.mp3 */,
				9320019C1F133D5500004228 /* E2.mp3 */,
				9320019D1F133D5500004228 /* E2s.mp3 */,
				9320019E1F133D5500004228 /* E3.mp3 */,
				9320019F1F133D5500004228 /* E3s.mp3 */,
				932001A01F133D5500004228 /* E4.mp3 */,
				932001A11F133D5500004228 /* E4s.mp3 */,
				932001A21F133D5500004228 /* E5.mp3 */,
				932001A31F133D5500004228 /* E5s.mp3 */,
				932001A41F133D5500004228 /* E6.mp3 */,
				932001A51F133D5500004228 /* E6s.mp3 */,
				932001A61F133D5500004228 /* F#1.mp3 */,
				932001A71F133D5500004228 /* F#1s.mp3 */,
				932001A81F133D5500004228 /* F#2.mp3 */,
				932001A91F133D5500004228 /* F#2s.mp3 */,
				932001AA1F133D5500004228 /* F#3.mp3 */,
				932001AB1F133D5500004228 /* F#3s.mp3 */,
				932001AC1F133D5500004228 /* F#4.mp3 */,
				932001AD1F133D5500004228 /* F#4s.mp3 */,
				932001AE1F133D5500004228 /* F#5.mp3 */,
				932001AF1F133D5500004228 /* F#5s.mp3 */,
				932001B01F133D5500004228 /* F#6.mp3 */,
				932001B11F133D5500004228 /* F#6s.mp3 */,
				932001B21F133D5500004228 /* F1.mp3 */,
				932001B31F133D5500004228 /* F1s.mp3 */,
				932001B41F133D5500004228 /* F2.mp3 */,
				932001B51F133D5500004228 /* F2s.mp3 */,
				932001B61F133D5500004228 /* F3.mp3 */,
				932001B71F133D5500004228 /* F3s.mp3 */,
				932001B81F133D5500004228 /* F4.mp3 */,
				932001B91F133D5500004228 /* F4s.mp3 */,
				932001BA1F133D5500004228 /* F5.mp3 */,
				932001BB1F133D5500004228 /* F5s.mp3 */,
				932001BC1F133D5500004228 /* F6.mp3 */,
				932001BD1F133D5500004228 /* F6s.mp3 */,
				932001BE1F133D5500004228 /* G#1.mp3 */,
				932001BF1F133D5500004228 /* G#1s.mp3 */,
				932001C01F133D5500004228 /* G#2.mp3 */,
				932001C11F133D5500004228 /* G#2s.mp3 */,
				932001C21F133D5500004228 /* G#3.mp3 */,
				932001C31F133D5500004228 /* G#3s.mp3 */,
				932001C41F133D5500004228 /* G#4.mp3 */,
				932001C51F133D5500004228 /* G#4s.mp3 */,
				932001C61F133D5500004228 /* G#5.mp3 */,
				932001C71F133D5500004228 /* G#5s.mp3 */,
				932001C81F133D5500004228 /* G#6.mp3 */,
				932001C91F133D5500004228 /* G#6s.mp3 */,
				932001CA1F133D5500004228 /* G1.mp3 */,
				932001CB1F133D5500004228 /* G1s.mp3 */,
				932001CC1F133D5500004228 /* G2.mp3 */,
				932001CD1F133D5500004228 /* G2s.mp3 */,
				932001CE1F133D5500004228 /* G3.mp3 */,
				932001CF1F133D5500004228 /* G3s.mp3 */,
				932001D01F133D5500004228 /* G4.mp3 */,
				932001D11F133D5500004228 /* G4s.mp3 */,
				932001D21F133D5500004228 /* G5.mp3 */,
				932001D31F133D5500004228 /* G5s.mp3 */,
				932001D41F133D5500004228 /* G6.mp3 */,
				932001D51F133D5500004228 /* G6s.mp3 */,
			);
			name = "Piano Notes";
			sourceTree = "<group>";
		};
		9329F4191E4C1A2300429229 = {
			isa = PBXGroup;
			children = (
				9329F4241E4C1A2300429229 /* Piano */,
				9329F4231E4C1A2300429229 /* Products */,
				9329F4381E4C4E5B00429229 /* Frameworks */,
				BA723218904D81D590B92D56 /* Pods */,
			);
			sourceTree = "<group>";
		};
		9329F4231E4C1A2300429229 /* Products */ = {
			isa = PBXGroup;
			children = (
				9329F4221E4C1A2300429229 /* Piano.app */,
			);
			name = Products;
			sourceTree = "<group>";
		};
		9329F4241E4C1A2300429229 /* Piano */ = {
			isa = PBXGroup;
			children = (
				932002661F133D8900004228 /* Piano Notes */,
				9329F4251E4C1A2300429229 /* AppDelegate.swift */,
				9329F4291E4C1A2300429229 /* Main.storyboard */,
				9329F4271E4C1A2300429229 /* ViewController.swift */,
				933D23A71E5A996000BC90E9 /* SettingsView.swift */,
				9329F42C1E4C1A2300429229 /* Assets.xcassets */,
				9329F42E1E4C1A2300429229 /* LaunchScreen.storyboard */,
				9329F4311E4C1A2300429229 /* Info.plist */,
				93721D5F1E774A3F00CFAB5A /* GoogleService-Info.plist */,
			);
			path = Piano;
			sourceTree = "<group>";
		};
		9329F4381E4C4E5B00429229 /* Frameworks */ = {
			isa = PBXGroup;
			children = (
				9329F4391E4C4E5B00429229 /* AVFoundation.framework */,
				8186F0CA1376C90C4CD30E77 /* Pods_Piano.framework */,
			);
			name = Frameworks;
			sourceTree = "<group>";
		};
		BA723218904D81D590B92D56 /* Pods */ = {
			isa = PBXGroup;
			children = (
				D407263AB446947A4909F344 /* Pods-Piano.debug.xcconfig */,
				374072455AAE72D3CA85436F /* Pods-Piano.release.xcconfig */,
			);
			name = Pods;
			sourceTree = "<group>";
		};
/* End PBXGroup section */

/* Begin PBXNativeTarget section */
		9329F4211E4C1A2300429229 /* Piano */ = {
			isa = PBXNativeTarget;
			buildConfigurationList = 9329F4341E4C1A2300429229 /* Build configuration list for PBXNativeTarget "Piano" */;
			buildPhases = (
				593DD34469F7EB5BC206B4FF /* [CP] Check Pods Manifest.lock */,
				9329F41E1E4C1A2300429229 /* Sources */,
				9329F41F1E4C1A2300429229 /* Frameworks */,
				9329F4201E4C1A2300429229 /* Resources */,
				D28171D98CED3EFE0EB3B32D /* [CP] Embed Pods Frameworks */,
				F76B229ED84D8F95251CB197 /* [CP] Copy Pods Resources */,
			);
			buildRules = (
			);
			dependencies = (
			);
			name = Piano;
			productName = Piano;
			productReference = 9329F4221E4C1A2300429229 /* Piano.app */;
			productType = "com.apple.product-type.application";
		};
/* End PBXNativeTarget section */

/* Begin PBXProject section */
		9329F41A1E4C1A2300429229 /* Project object */ = {
			isa = PBXProject;
			attributes = {
				LastSwiftUpdateCheck = 0820;
				LastUpgradeCheck = 0940;
				ORGANIZATIONNAME = "";
				TargetAttributes = {
					9329F4211E4C1A2300429229 = {
						CreatedOnToolsVersion = 8.2.1;
						DevelopmentTeam = 5VZ9SWJ9C6;
						LastSwiftMigration = 0940;
						ProvisioningStyle = Automatic;
					};
				};
			};
			buildConfigurationList = 9329F41D1E4C1A2300429229 /* Build configuration list for PBXProject "Piano" */;
			compatibilityVersion = "Xcode 3.2";
			developmentRegion = English;
			hasScannedForEncodings = 0;
			knownRegions = (
				en,
				Base,
			);
			mainGroup = 9329F4191E4C1A2300429229;
			productRefGroup = 9329F4231E4C1A2300429229 /* Products */;
			projectDirPath = "";
			projectRoot = "";
			targets = (
				9329F4211E4C1A2300429229 /* Piano */,
			);
		};
/* End PBXProject section */

/* Begin PBXResourcesBuildPhase section */
		9329F4201E4C1A2300429229 /* Resources */ = {
			isa = PBXResourcesBuildPhase;
			buildActionMask = 2147483647;
			files = (
				932002521F133D5500004228 /* G#3.mp3 in Resources */,
				932002441F133D5500004228 /* F2.mp3 in Resources */,
				9320022C1F133D5500004228 /* E2.mp3 in Resources */,
				932002611F133D5500004228 /* G4s.mp3 in Resources */,
				932002281F133D5500004228 /* D6.mp3 in Resources */,
				9320024E1F133D5500004228 /* G#1.mp3 in Resources */,
				9320021A1F133D5500004228 /* D#5.mp3 in Resources */,
				932002071F133D5500004228 /* C1s.mp3 in Resources */,
				932001FC1F133D5500004228 /* C#2.mp3 in Resources */,
				932002151F133D5500004228 /* D#2s.mp3 in Resources */,
				932002381F133D5500004228 /* F#2.mp3 in Resources */,
				9320024C1F133D5500004228 /* F6.mp3 in Resources */,
				932001FB1F133D5500004228 /* C#1s.mp3 in Resources */,
				932002351F133D5500004228 /* E6s.mp3 in Resources */,
				932002241F133D5500004228 /* D4.mp3 in Resources */,
				932002181F133D5500004228 /* D#4.mp3 in Resources */,
				932001D71F133D5500004228 /* A#1s.mp3 in Resources */,
				932002011F133D5500004228 /* C#4s.mp3 in Resources */,
				932002081F133D5500004228 /* C2.mp3 in Resources */,
				9320020B1F133D5500004228 /* C3s.mp3 in Resources */,
				932002621F133D5500004228 /* G5.mp3 in Resources */,
				9320022A1F133D5500004228 /* E1.mp3 in Resources */,
				932002561F133D5500004228 /* G#5.mp3 in Resources */,
				9329F4301E4C1A2300429229 /* LaunchScreen.storyboard in Resources */,
				932001DB1F133D5500004228 /* A#3s.mp3 in Resources */,
				9320023D1F133D5500004228 /* F#4s.mp3 in Resources */,
				932002331F133D5500004228 /* E5s.mp3 in Resources */,
				9320020A1F133D5500004228 /* C3.mp3 in Resources */,
				932001FA1F133D5500004228 /* C#1.mp3 in Resources */,
				9320023C1F133D5500004228 /* F#4.mp3 in Resources */,
				932002211F133D5500004228 /* D2s.mp3 in Resources */,
				932002401F133D5500004228 /* F#6.mp3 in Resources */,
				9320024A1F133D5500004228 /* F5.mp3 in Resources */,
				932001F01F133D5500004228 /* B2.mp3 in Resources */,
				932001E11F133D5500004228 /* A#6s.mp3 in Resources */,
				9329F42D1E4C1A2300429229 /* Assets.xcassets in Resources */,
				932002061F133D5500004228 /* C1.mp3 in Resources */,
				9320021E1F133D5500004228 /* D1.mp3 in Resources */,
				932002131F133D5500004228 /* D#1s.mp3 in Resources */,
				9320025D1F133D5500004228 /* G2s.mp3 in Resources */,
				932001F51F133D5500004228 /* B4s.mp3 in Resources */,
				932002601F133D5500004228 /* G4.mp3 in Resources */,
				932002641F133D5500004228 /* G6.mp3 in Resources */,
				9320025E1F133D5500004228 /* G3.mp3 in Resources */,
				932001EA1F133D5500004228 /* A5.mp3 in Resources */,
				932002231F133D5500004228 /* D3s.mp3 in Resources */,
				932001DF1F133D5500004228 /* A#5s.mp3 in Resources */,
				932002221F133D5500004228 /* D3.mp3 in Resources */,
				932001FE1F133D5500004228 /* C#3.mp3 in Resources */,
				932002201F133D5500004228 /* D2.mp3 in Resources */,
				932001D61F133D5500004228 /* A#1.mp3 in Resources */,
				932001FD1F133D5500004228 /* C#2s.mp3 in Resources */,
				932001E41F133D5500004228 /* A2.mp3 in Resources */,
				932002491F133D5500004228 /* F4s.mp3 in Resources */,
				9320020F1F133D5500004228 /* C5s.mp3 in Resources */,
				932001EF1F133D5500004228 /* B1s.mp3 in Resources */,
				932001EC1F133D5500004228 /* A6.mp3 in Resources */,
				932002501F133D5500004228 /* G#2.mp3 in Resources */,
				932001F81F133D5500004228 /* B6.mp3 in Resources */,
				932001F11F133D5500004228 /* B2s.mp3 in Resources */,
				9320022E1F133D5500004228 /* E3.mp3 in Resources */,
				932002451F133D5500004228 /* F2s.mp3 in Resources */,
				9320025F1F133D5500004228 /* G3s.mp3 in Resources */,
				932002051F133D5500004228 /* C#6s.mp3 in Resources */,
				9320024F1F133D5500004228 /* G#1s.mp3 in Resources */,
				932002041F133D5500004228 /* C#6.mp3 in Resources */,
				93721D601E774A3F00CFAB5A /* GoogleService-Info.plist in Resources */,
				9320022B1F133D5500004228 /* E1s.mp3 in Resources */,
				9320021D1F133D5500004228 /* D#6s.mp3 in Resources */,
				932001EE1F133D5500004228 /* B1.mp3 in Resources */,
				932001F31F133D5500004228 /* B3s.mp3 in Resources */,
				9320025A1F133D5500004228 /* G1.mp3 in Resources */,
				932002271F133D5500004228 /* D5s.mp3 in Resources */,
				932001F61F133D5500004228 /* B5.mp3 in Resources */,
				9320022F1F133D5500004228 /* E3s.mp3 in Resources */,
				932002191F133D5500004228 /* D#4s.mp3 in Resources */,
				9320023B1F133D5500004228 /* F#3s.mp3 in Resources */,
				932001FF1F133D5500004228 /* C#3s.mp3 in Resources */,
				932001E81F133D5500004228 /* A4.mp3 in Resources */,
				932002141F133D5500004228 /* D#2.mp3 in Resources */,
				932002291F133D5500004228 /* D6s.mp3 in Resources */,
				932002531F133D5500004228 /* G#3s.mp3 in Resources */,
				932001DC1F133D5500004228 /* A#4.mp3 in Resources */,
				932001EB1F133D5500004228 /* A5s.mp3 in Resources */,
				932002021F133D5500004228 /* C#5.mp3 in Resources */,
				9320025B1F133D5500004228 /* G1s.mp3 in Resources */,
				932001D81F133D5500004228 /* A#2.mp3 in Resources */,
				932001E51F133D5500004228 /* A2s.mp3 in Resources */,
				9320020D1F133D5500004228 /* C4s.mp3 in Resources */,
				9320024B1F133D5500004228 /* F5s.mp3 in Resources */,
				932002031F133D5500004228 /* C#5s.mp3 in Resources */,
				932001F91F133D5500004228 /* B6s.mp3 in Resources */,
				9320021F1F133D5500004228 /* D1s.mp3 in Resources */,
				932002321F133D5500004228 /* E5.mp3 in Resources */,
				932001DA1F133D5500004228 /* A#3.mp3 in Resources */,
				932001E21F133D5500004228 /* A1.mp3 in Resources */,
				932002121F133D5500004228 /* D#1.mp3 in Resources */,
				932002571F133D5500004228 /* G#5s.mp3 in Resources */,
				932002511F133D5500004228 /* G#2s.mp3 in Resources */,
				932002251F133D5500004228 /* D4s.mp3 in Resources */,
				932001E31F133D5500004228 /* A1s.mp3 in Resources */,
				9320023F1F133D5500004228 /* F#5s.mp3 in Resources */,
				932001E61F133D5500004228 /* A3.mp3 in Resources */,
				9320023A1F133D5500004228 /* F#3.mp3 in Resources */,
				932001F41F133D5500004228 /* B4.mp3 in Resources */,
				932002481F133D5500004228 /* F4.mp3 in Resources */,
				9320021B1F133D5500004228 /* D#5s.mp3 in Resources */,
				932001DD1F133D5500004228 /* A#4s.mp3 in Resources */,
				932002111F133D5500004228 /* C6s.mp3 in Resources */,
				932001F21F133D5500004228 /* B3.mp3 in Resources */,
				9320020E1F133D5500004228 /* C5.mp3 in Resources */,
				932002341F133D5500004228 /* E6.mp3 in Resources */,
				932002411F133D5500004228 /* F#6s.mp3 in Resources */,
				9320022D1F133D5500004228 /* E2s.mp3 in Resources */,
				932002361F133D5500004228 /* F#1.mp3 in Resources */,
				9320021C1F133D5500004228 /* D#6.mp3 in Resources */,
				9320025C1F133D5500004228 /* G2.mp3 in Resources */,
				932001DE1F133D5500004228 /* A#5.mp3 in Resources */,
				932002171F133D5500004228 /* D#3s.mp3 in Resources */,
				932002311F133D5500004228 /* E4s.mp3 in Resources */,
				932001E71F133D5500004228 /* A3s.mp3 in Resources */,
				932002101F133D5500004228 /* C6.mp3 in Resources */,
				9320020C1F133D5500004228 /* C4.mp3 in Resources */,
				932002261F133D5500004228 /* D5.mp3 in Resources */,
				932002541F133D5500004228 /* G#4.mp3 in Resources */,
				932002431F133D5500004228 /* F1s.mp3 in Resources */,
				932002391F133D5500004228 /* F#2s.mp3 in Resources */,
				932002631F133D5500004228 /* G5s.mp3 in Resources */,
				932002301F133D5500004228 /* E4.mp3 in Resources */,
				932002461F133D5500004228 /* F3.mp3 in Resources */,
				932002161F133D5500004228 /* D#3.mp3 in Resources */,
				932001E01F133D5500004228 /* A#6.mp3 in Resources */,
				9320024D1F133D5500004228 /* F6s.mp3 in Resources */,
				932002421F133D5500004228 /* F1.mp3 in Resources */,
				932002581F133D5500004228 /* G#6.mp3 in Resources */,
				932001E91F133D5500004228 /* A4s.mp3 in Resources */,
				932002471F133D5500004228 /* F3s.mp3 in Resources */,
				932002551F133D5500004228 /* G#4s.mp3 in Resources */,
				9329F42B1E4C1A2300429229 /* Main.storyboard in Resources */,
				932002001F133D5500004228 /* C#4.mp3 in Resources */,
				932002591F133D5500004228 /* G#6s.mp3 in Resources */,
				932002651F133D5500004228 /* G6s.mp3 in Resources */,
				932001D91F133D5500004228 /* A#2s.mp3 in Resources */,
				932002091F133D5500004228 /* C2s.mp3 in Resources */,
				932002371F133D5500004228 /* F#1s.mp3 in Resources */,
				9320023E1F133D5500004228 /* F#5.mp3 in Resources */,
				932001ED1F133D5500004228 /* A6s.mp3 in Resources */,
				932001F71F133D5500004228 /* B5s.mp3 in Resources */,
			);
			runOnlyForDeploymentPostprocessing = 0;
		};
/* End PBXResourcesBuildPhase section */

/* Begin PBXShellScriptBuildPhase section */
		593DD34469F7EB5BC206B4FF /* [CP] Check Pods Manifest.lock */ = {
			isa = PBXShellScriptBuildPhase;
			buildActionMask = 2147483647;
			files = (
			);
			inputPaths = (
			);
			name = "[CP] Check Pods Manifest.lock";
			outputPaths = (
			);
			runOnlyForDeploymentPostprocessing = 0;
			shellPath = /bin/sh;
			shellScript = "diff \"${PODS_ROOT}/../Podfile.lock\" \"${PODS_ROOT}/Manifest.lock\" > /dev/null\nif [ $? != 0 ] ; then\n    # print error to STDERR\n    echo \"error: The sandbox is not in sync with the Podfile.lock. Run 'pod install' or update your CocoaPods installation.\" >&2\n    exit 1\nfi\n";
			showEnvVarsInLog = 0;
		};
		D28171D98CED3EFE0EB3B32D /* [CP] Embed Pods Frameworks */ = {
			isa = PBXShellScriptBuildPhase;
			buildActionMask = 2147483647;
			files = (
			);
			inputPaths = (
			);
			name = "[CP] Embed Pods Frameworks";
			outputPaths = (
			);
			runOnlyForDeploymentPostprocessing = 0;
			shellPath = /bin/sh;
			shellScript = "\"${SRCROOT}/Pods/Target Support Files/Pods-Piano/Pods-Piano-frameworks.sh\"\n";
			showEnvVarsInLog = 0;
		};
		F76B229ED84D8F95251CB197 /* [CP] Copy Pods Resources */ = {
			isa = PBXShellScriptBuildPhase;
			buildActionMask = 2147483647;
			files = (
			);
			inputPaths = (
			);
			name = "[CP] Copy Pods Resources";
			outputPaths = (
			);
			runOnlyForDeploymentPostprocessing = 0;
			shellPath = /bin/sh;
			shellScript = "\"${SRCROOT}/Pods/Target Support Files/Pods-Piano/Pods-Piano-resources.sh\"\n";
			showEnvVarsInLog = 0;
		};
/* End PBXShellScriptBuildPhase section */

/* Begin PBXSourcesBuildPhase section */
		9329F41E1E4C1A2300429229 /* Sources */ = {
			isa = PBXSourcesBuildPhase;
			buildActionMask = 2147483647;
			files = (
				933D23A81E5A996000BC90E9 /* SettingsView.swift in Sources */,
				9329F4281E4C1A2300429229 /* ViewController.swift in Sources */,
				9329F4261E4C1A2300429229 /* AppDelegate.swift in Sources */,
			);
			runOnlyForDeploymentPostprocessing = 0;
		};
/* End PBXSourcesBuildPhase section */

/* Begin PBXVariantGroup section */
		9329F4291E4C1A2300429229 /* Main.storyboard */ = {
			isa = PBXVariantGroup;
			children = (
				9329F42A1E4C1A2300429229 /* Base */,
			);
			name = Main.storyboard;
			sourceTree = "<group>";
		};
		9329F42E1E4C1A2300429229 /* LaunchScreen.storyboard */ = {
			isa = PBXVariantGroup;
			children = (
				9329F42F1E4C1A2300429229 /* Base */,
			);
			name = LaunchScreen.storyboard;
			sourceTree = "<group>";
		};
/* End PBXVariantGroup section */

/* Begin XCBuildConfiguration section */
		9329F4321E4C1A2300429229 /* Debug */ = {
			isa = XCBuildConfiguration;
			buildSettings = {
				ALWAYS_SEARCH_USER_PATHS = NO;
				CLANG_ANALYZER_NONNULL = YES;
				CLANG_CXX_LANGUAGE_STANDARD = "gnu++0x";
				CLANG_CXX_LIBRARY = "libc++";
				CLANG_ENABLE_MODULES = YES;
				CLANG_ENABLE_OBJC_ARC = YES;
				CLANG_WARN_BLOCK_CAPTURE_AUTORELEASING = YES;
				CLANG_WARN_BOOL_CONVERSION = YES;
				CLANG_WARN_COMMA = YES;
				CLANG_WARN_CONSTANT_CONVERSION = YES;
				CLANG_WARN_DEPRECATED_OBJC_IMPLEMENTATIONS = YES;
				CLANG_WARN_DIRECT_OBJC_ISA_USAGE = YES_ERROR;
				CLANG_WARN_DOCUMENTATION_COMMENTS = YES;
				CLANG_WARN_EMPTY_BODY = YES;
				CLANG_WARN_ENUM_CONVERSION = YES;
				CLANG_WARN_INFINITE_RECURSION = YES;
				CLANG_WARN_INT_CONVERSION = YES;
				CLANG_WARN_NON_LITERAL_NULL_CONVERSION = YES;
				CLANG_WARN_OBJC_IMPLICIT_RETAIN_SELF = YES;
				CLANG_WARN_OBJC_LITERAL_CONVERSION = YES;
				CLANG_WARN_OBJC_ROOT_CLASS = YES_ERROR;
				CLANG_WARN_RANGE_LOOP_ANALYSIS = YES;
				CLANG_WARN_STRICT_PROTOTYPES = YES;
				CLANG_WARN_SUSPICIOUS_MOVE = YES;
				CLANG_WARN_UNREACHABLE_CODE = YES;
				CLANG_WARN__DUPLICATE_METHOD_MATCH = YES;
				"CODE_SIGN_IDENTITY[sdk=iphoneos*]" = "iPhone Developer";
				COPY_PHASE_STRIP = NO;
				DEBUG_INFORMATION_FORMAT = dwarf;
				ENABLE_STRICT_OBJC_MSGSEND = YES;
				ENABLE_TESTABILITY = YES;
				GCC_C_LANGUAGE_STANDARD = gnu99;
				GCC_DYNAMIC_NO_PIC = NO;
				GCC_NO_COMMON_BLOCKS = YES;
				GCC_OPTIMIZATION_LEVEL = 0;
				GCC_PREPROCESSOR_DEFINITIONS = (
					"DEBUG=1",
					"$(inherited)",
				);
				GCC_WARN_64_TO_32_BIT_CONVERSION = YES;
				GCC_WARN_ABOUT_RETURN_TYPE = YES_ERROR;
				GCC_WARN_UNDECLARED_SELECTOR = YES;
				GCC_WARN_UNINITIALIZED_AUTOS = YES_AGGRESSIVE;
				GCC_WARN_UNUSED_FUNCTION = YES;
				GCC_WARN_UNUSED_VARIABLE = YES;
				IPHONEOS_DEPLOYMENT_TARGET = 10.2;
				MTL_ENABLE_DEBUG_INFO = YES;
				ONLY_ACTIVE_ARCH = YES;
				SDKROOT = iphoneos;
				SWIFT_ACTIVE_COMPILATION_CONDITIONS = DEBUG;
				SWIFT_OPTIMIZATION_LEVEL = "-Onone";
			};
			name = Debug;
		};
		9329F4331E4C1A2300429229 /* Release */ = {
			isa = XCBuildConfiguration;
			buildSettings = {
				ALWAYS_SEARCH_USER_PATHS = NO;
				CLANG_ANALYZER_NONNULL = YES;
				CLANG_CXX_LANGUAGE_STANDARD = "gnu++0x";
				CLANG_CXX_LIBRARY = "libc++";
				CLANG_ENABLE_MODULES = YES;
				CLANG_ENABLE_OBJC_ARC = YES;
				CLANG_WARN_BLOCK_CAPTURE_AUTORELEASING = YES;
				CLANG_WARN_BOOL_CONVERSION = YES;
				CLANG_WARN_COMMA = YES;
				CLANG_WARN_CONSTANT_CONVERSION = YES;
				CLANG_WARN_DEPRECATED_OBJC_IMPLEMENTATIONS = YES;
				CLANG_WARN_DIRECT_OBJC_ISA_USAGE = YES_ERROR;
				CLANG_WARN_DOCUMENTATION_COMMENTS = YES;
				CLANG_WARN_EMPTY_BODY = YES;
				CLANG_WARN_ENUM_CONVERSION = YES;
				CLANG_WARN_INFINITE_RECURSION = YES;
				CLANG_WARN_INT_CONVERSION = YES;
				CLANG_WARN_NON_LITERAL_NULL_CONVERSION = YES;
				CLANG_WARN_OBJC_IMPLICIT_RETAIN_SELF = YES;
				CLANG_WARN_OBJC_LITERAL_CONVERSION = YES;
				CLANG_WARN_OBJC_ROOT_CLASS = YES_ERROR;
				CLANG_WARN_RANGE_LOOP_ANALYSIS = YES;
				CLANG_WARN_STRICT_PROTOTYPES = YES;
				CLANG_WARN_SUSPICIOUS_MOVE = YES;
				CLANG_WARN_UNREACHABLE_CODE = YES;
				CLANG_WARN__DUPLICATE_METHOD_MATCH = YES;
				"CODE_SIGN_IDENTITY[sdk=iphoneos*]" = "iPhone Developer";
				COPY_PHASE_STRIP = NO;
				DEBUG_INFORMATION_FORMAT = "dwarf-with-dsym";
				ENABLE_NS_ASSERTIONS = NO;
				ENABLE_STRICT_OBJC_MSGSEND = YES;
				GCC_C_LANGUAGE_STANDARD = gnu99;
				GCC_NO_COMMON_BLOCKS = YES;
				GCC_WARN_64_TO_32_BIT_CONVERSION = YES;
				GCC_WARN_ABOUT_RETURN_TYPE = YES_ERROR;
				GCC_WARN_UNDECLARED_SELECTOR = YES;
				GCC_WARN_UNINITIALIZED_AUTOS = YES_AGGRESSIVE;
				GCC_WARN_UNUSED_FUNCTION = YES;
				GCC_WARN_UNUSED_VARIABLE = YES;
				IPHONEOS_DEPLOYMENT_TARGET = 10.2;
				MTL_ENABLE_DEBUG_INFO = NO;
				SDKROOT = iphoneos;
				SWIFT_OPTIMIZATION_LEVEL = "-Owholemodule";
				VALIDATE_PRODUCT = YES;
			};
			name = Release;
		};
		9329F4351E4C1A2300429229 /* Debug */ = {
			isa = XCBuildConfiguration;
			baseConfigurationReference = D407263AB446947A4909F344 /* Pods-Piano.debug.xcconfig */;
			buildSettings = {
				ASSETCATALOG_COMPILER_APPICON_NAME = AppIcon;
				CODE_SIGN_IDENTITY = "iPhone Distribution: Vardaan Aashish (5VZ9SWJ9C6)";
				"CODE_SIGN_IDENTITY[sdk=iphoneos*]" = "iPhone Developer";
				DEVELOPMENT_TEAM = "";
				INFOPLIST_FILE = Piano/Info.plist;
				IPHONEOS_DEPLOYMENT_TARGET = 10.3;
				LD_RUNPATH_SEARCH_PATHS = "$(inherited) @executable_path/Frameworks";
				PRODUCT_BUNDLE_IDENTIFIER = com.vardaan.ipiano;
				PRODUCT_NAME = "$(TARGET_NAME)";
				PROVISIONING_PROFILE = "";
				PROVISIONING_PROFILE_SPECIFIER = "";
				SWIFT_SWIFT3_OBJC_INFERENCE = On;
				SWIFT_VERSION = 4.0;
				TARGETED_DEVICE_FAMILY = 1;
			};
			name = Debug;
		};
		9329F4361E4C1A2300429229 /* Release */ = {
			isa = XCBuildConfiguration;
			baseConfigurationReference = 374072455AAE72D3CA85436F /* Pods-Piano.release.xcconfig */;
			buildSettings = {
				ASSETCATALOG_COMPILER_APPICON_NAME = AppIcon;
				CODE_SIGN_IDENTITY = "iPhone Distribution: Vardaan Aashish (5VZ9SWJ9C6)";
				"CODE_SIGN_IDENTITY[sdk=iphoneos*]" = "iPhone Developer";
				DEVELOPMENT_TEAM = "";
				INFOPLIST_FILE = Piano/Info.plist;
				IPHONEOS_DEPLOYMENT_TARGET = 10.3;
				LD_RUNPATH_SEARCH_PATHS = "$(inherited) @executable_path/Frameworks";
				PRODUCT_BUNDLE_IDENTIFIER = com.vardaan.ipiano;
				PRODUCT_NAME = "$(TARGET_NAME)";
				PROVISIONING_PROFILE = "";
				PROVISIONING_PROFILE_SPECIFIER = "";
				SWIFT_SWIFT3_OBJC_INFERENCE = On;
				SWIFT_VERSION = 4.0;
				TARGETED_DEVICE_FAMILY = 1;
			};
			name = Release;
		};
/* End XCBuildConfiguration section */

/* Begin XCConfigurationList section */
		9329F41D1E4C1A2300429229 /* Build configuration list for PBXProject "Piano" */ = {
			isa = XCConfigurationList;
			buildConfigurations = (
				9329F4321E4C1A2300429229 /* Debug */,
				9329F4331E4C1A2300429229 /* Release */,
			);
			defaultConfigurationIsVisible = 0;
			defaultConfigurationName = Release;
		};
		9329F4341E4C1A2300429229 /* Build configuration list for PBXNativeTarget "Piano" */ = {
			isa = XCConfigurationList;
			buildConfigurations = (
				9329F4351E4C1A2300429229 /* Debug */,
				9329F4361E4C1A2300429229 /* Release */,
			);
			defaultConfigurationIsVisible = 0;
			defaultConfigurationName = Release;
		};
/* End XCConfigurationList section */
	};
	rootObject = 9329F41A1E4C1A2300429229 /* Project object */;
}
